
Microsoft Visual Studio Solution File, Format Version 12.00
# Visual Studio Version 17
VisualStudioVersion = 17.12.35707.178
MinimumVisualStudioVersion = 10.0.40219.1
Project("{FAE04EC0-301F-11D3-BF4B-00C04F79EFBC}") = "CohesionX.UserManagement", "CohesionX.UserManagement\CohesionX.UserManagement.csproj", "{86914DB9-BBB9-4414-9D71-EBD46E871DCD}"
EndProject
Project("{FAE04EC0-301F-11D3-BF4B-00C04F79EFBC}") = "CohesionX.Usermanagement.Test", "CohesionX.Usermanagement.Test\CohesionX.Usermanagement.Test.csproj", "{3F682E28-7193-47C8-BFB9-2F19A52C2DBF}"
EndProject
Project("{2150E333-8FDC-42A3-9474-1A3956D46DE8}") = "Solution Items", "Solution Items", "{41E60F34-976B-4C8E-8382-0821CB06602C}"
	ProjectSection(SolutionItems) = preProject
		.editorconfig = .editorconfig
		.gitignore = .gitignore
		Directory.Build.props = Directory.Build.props
		Nuget.Config = Nuget.Config
		stylecop.json = stylecop.json
	EndProjectSection
EndProject
Project("{FAE04EC0-301F-11D3-BF4B-00C04F79EFBC}") = "CohesionX.UserManagement.Application", "CohesionX.UserManagement.Application\CohesionX.UserManagement.Application.csproj", "{E2122C83-8A6E-40B7-B9AA-A41BF6FD7461}"
EndProject
Project("{FAE04EC0-301F-11D3-BF4B-00C04F79EFBC}") = "CohesionX.UserManagement.Abstractions", "CohesionX.UserManagement.Abstractions\CohesionX.UserManagement.Abstractions.csproj", "{36B47E77-094A-4582-9C8D-5FB7860CBDFE}"
EndProject
Project("{E53339B2-1760-4266-BCC7-CA923CBCF16C}") = "docker-compose", "docker-compose.dcproj", "{81DDED9D-158B-E303-5F62-77A2896D2A5A}"
EndProject
Project("{FAE04EC0-301F-11D3-BF4B-00C04F79EFBC}") = "CohesionX.UserManagement.Database.Abstractions", "CohesionX.UserManagement.Database.Abstractions\CohesionX.UserManagement.Database.Abstractions.csproj", "{F5906B7C-56CF-7671-5C6C-63C3EBFC830E}"
EndProject
Project("{FAE04EC0-301F-11D3-BF4B-00C04F79EFBC}") = "CohesionX.UserManagement.Database", "CohesionX.UserManagement.Database\CohesionX.UserManagement.Database.csproj", "{E74EC6E9-0676-5E82-A0C2-595CB973EADF}"
EndProject
Global
	GlobalSection(SolutionConfigurationPlatforms) = preSolution
		Debug|Any CPU = Debug|Any CPU
		Release|Any CPU = Release|Any CPU
	EndGlobalSection
	GlobalSection(ProjectConfigurationPlatforms) = postSolution
		{86914DB9-BBB9-4414-9D71-EBD46E871DCD}.Debug|Any CPU.ActiveCfg = Debug|Any CPU
		{86914DB9-BBB9-4414-9D71-EBD46E871DCD}.Debug|Any CPU.Build.0 = Debug|Any CPU
		{86914DB9-BBB9-4414-9D71-EBD46E871DCD}.Release|Any CPU.ActiveCfg = Release|Any CPU
		{86914DB9-BBB9-4414-9D71-EBD46E871DCD}.Release|Any CPU.Build.0 = Release|Any CPU
		{3F682E28-7193-47C8-BFB9-2F19A52C2DBF}.Debug|Any CPU.ActiveCfg = Debug|Any CPU
		{3F682E28-7193-47C8-BFB9-2F19A52C2DBF}.Debug|Any CPU.Build.0 = Debug|Any CPU
		{3F682E28-7193-47C8-BFB9-2F19A52C2DBF}.Release|Any CPU.ActiveCfg = Release|Any CPU
		{3F682E28-7193-47C8-BFB9-2F19A52C2DBF}.Release|Any CPU.Build.0 = Release|Any CPU
		{E2122C83-8A6E-40B7-B9AA-A41BF6FD7461}.Debug|Any CPU.ActiveCfg = Debug|Any CPU
		{E2122C83-8A6E-40B7-B9AA-A41BF6FD7461}.Debug|Any CPU.Build.0 = Debug|Any CPU
		{E2122C83-8A6E-40B7-B9AA-A41BF6FD7461}.Release|Any CPU.ActiveCfg = Release|Any CPU
		{E2122C83-8A6E-40B7-B9AA-A41BF6FD7461}.Release|Any CPU.Build.0 = Release|Any CPU
		{36B47E77-094A-4582-9C8D-5FB7860CBDFE}.Debug|Any CPU.ActiveCfg = Debug|Any CPU
		{36B47E77-094A-4582-9C8D-5FB7860CBDFE}.Debug|Any CPU.Build.0 = Debug|Any CPU
		{36B47E77-094A-4582-9C8D-5FB7860CBDFE}.Release|Any CPU.ActiveCfg = Release|Any CPU
		{36B47E77-094A-4582-9C8D-5FB7860CBDFE}.Release|Any CPU.Build.0 = Release|Any CPU
		{81DDED9D-158B-E303-5F62-77A2896D2A5A}.Debug|Any CPU.ActiveCfg = Debug|Any CPU
		{81DDED9D-158B-E303-5F62-77A2896D2A5A}.Debug|Any CPU.Build.0 = Debug|Any CPU
		{81DDED9D-158B-E303-5F62-77A2896D2A5A}.Release|Any CPU.ActiveCfg = Release|Any CPU
		{81DDED9D-158B-E303-5F62-77A2896D2A5A}.Release|Any CPU.Build.0 = Release|Any CPU
		{F5906B7C-56CF-7671-5C6C-63C3EBFC830E}.Debug|Any CPU.ActiveCfg = Debug|Any CPU
		{F5906B7C-56CF-7671-5C6C-63C3EBFC830E}.Debug|Any CPU.Build.0 = Debug|Any CPU
		{F5906B7C-56CF-7671-5C6C-63C3EBFC830E}.Release|Any CPU.ActiveCfg = Release|Any CPU
		{F5906B7C-56CF-7671-5C6C-63C3EBFC830E}.Release|Any CPU.Build.0 = Release|Any CPU
		{E74EC6E9-0676-5E82-A0C2-595CB973EADF}.Debug|Any CPU.ActiveCfg = Debug|Any CPU
		{E74EC6E9-0676-5E82-A0C2-595CB973EADF}.Debug|Any CPU.Build.0 = Debug|Any CPU
		{E74EC6E9-0676-5E82-A0C2-595CB973EADF}.Release|Any CPU.ActiveCfg = Release|Any CPU
		{E74EC6E9-0676-5E82-A0C2-595CB973EADF}.Release|Any CPU.Build.0 = Release|Any CPU
	EndGlobalSection
	GlobalSection(SolutionProperties) = preSolution
		HideSolutionNode = FALSE
	EndGlobalSection
	GlobalSection(ExtensibilityGlobals) = postSolution
		SolutionGuid = {28412886-DB40-4AD1-9A4A-E6BFDC82A943}
	EndGlobalSection
EndGlobal
