
Microsoft Visual Studio Solution File, Format Version 12.00
# Visual Studio Version 17
VisualStudioVersion = 17.12.35707.178 d17.12
MinimumVisualStudioVersion = 10.0.40219.1
Project("{FAE04EC0-301F-11D3-BF4B-00C04F79EFBC}") = "CohesionX.UserManagement", "CohesionX.UserManagement\CohesionX.UserManagement.csproj", "{86914DB9-BBB9-4414-9D71-EBD46E871DCD}"
EndProject
Global
	GlobalSection(SolutionConfigurationPlatforms) = preSolution
		Debug|Any CPU = Debug|Any CPU
		Release|Any CPU = Release|Any CPU
	EndGlobalSection
	GlobalSection(ProjectConfigurationPlatforms) = postSolution
		{86914DB9-BBB9-4414-9D71-EBD46E871DCD}.Debug|Any CPU.ActiveCfg = Debug|Any CPU
		{86914DB9-BBB9-4414-9D71-EBD46E871DCD}.Debug|Any CPU.Build.0 = Debug|Any CPU
		{86914DB9-BBB9-4414-9D71-EBD46E871DCD}.Release|Any CPU.ActiveCfg = Release|Any CPU
		{86914DB9-BBB9-4414-9D71-EBD46E871DCD}.Release|Any CPU.Build.0 = Release|Any CPU
	EndGlobalSection
	GlobalSection(SolutionProperties) = preSolution
		HideSolutionNode = FALSE
	EndGlobalSection
EndGlobal
